
Microsoft Visual Studio Solution File, Format Version 12.00
# Visual Studio 2015
Project("{FAE04EC0-301F-11D3-BF4B-00C04F79EFBC}") = "AR Project Ver 2.CSharp", "AR Project Ver 2.CSharp.csproj", "{1122C937-1883-3B02-022C-EDDAD53AFBAD}"
EndProject
Project("{FAE04EC0-301F-11D3-BF4B-00C04F79EFBC}") = "AR Project Ver 2.CSharp.Editor", "AR Project Ver 2.CSharp.Editor.csproj", "{755DB2E3-3511-E063-900C-31534B823C52}"
EndProject
Global
	GlobalSection(SolutionConfigurationPlatforms) = preSolution
		Debug|Any CPU = Debug|Any CPU
		Release|Any CPU = Release|Any CPU
	EndGlobalSection
	GlobalSection(ProjectConfigurationPlatforms) = postSolution
		{1122C937-1883-3B02-022C-EDDAD53AFBAD}.Debug|Any CPU.ActiveCfg = Debug|Any CPU
		{1122C937-1883-3B02-022C-EDDAD53AFBAD}.Debug|Any CPU.Build.0 = Debug|Any CPU
		{1122C937-1883-3B02-022C-EDDAD53AFBAD}.Release|Any CPU.ActiveCfg = Release|Any CPU
		{1122C937-1883-3B02-022C-EDDAD53AFBAD}.Release|Any CPU.Build.0 = Release|Any CPU
		{755DB2E3-3511-E063-900C-31534B823C52}.Debug|Any CPU.ActiveCfg = Debug|Any CPU
		{755DB2E3-3511-E063-900C-31534B823C52}.Debug|Any CPU.Build.0 = Debug|Any CPU
		{755DB2E3-3511-E063-900C-31534B823C52}.Release|Any CPU.ActiveCfg = Release|Any CPU
		{755DB2E3-3511-E063-900C-31534B823C52}.Release|Any CPU.Build.0 = Release|Any CPU
	EndGlobalSection
	GlobalSection(SolutionProperties) = preSolution
		HideSolutionNode = FALSE
	EndGlobalSection
EndGlobal
